
Microsoft Visual Studio Solution File, Format Version 12.00
# Visual Studio 15
VisualStudioVersion = 15.0.35319.79
MinimumVisualStudioVersion = 10.0.40219.1
Project("{FAE04EC0-301F-11D3-BF4B-00C04F79EFBC}") = "Hafta4", "Hafta4\Hafta4.csproj", "{CE1A59B0-82C4-4F81-B94E-13DB41BAF480}"
EndProject
Global
	GlobalSection(SolutionConfigurationPlatforms) = preSolution
		Debug|Any CPU = Debug|Any CPU
		Release|Any CPU = Release|Any CPU
	EndGlobalSection
	GlobalSection(ProjectConfigurationPlatforms) = postSolution
		{CE1A59B0-82C4-4F81-B94E-13DB41BAF480}.Debug|Any CPU.ActiveCfg = Debug|Any CPU
		{CE1A59B0-82C4-4F81-B94E-13DB41BAF480}.Debug|Any CPU.Build.0 = Debug|Any CPU
		{CE1A59B0-82C4-4F81-B94E-13DB41BAF480}.Release|Any CPU.ActiveCfg = Release|Any CPU
		{CE1A59B0-82C4-4F81-B94E-13DB41BAF480}.Release|Any CPU.Build.0 = Release|Any CPU
	EndGlobalSection
	GlobalSection(SolutionProperties) = preSolution
		HideSolutionNode = FALSE
	EndGlobalSection
	GlobalSection(ExtensibilityGlobals) = postSolution
		SolutionGuid = {31903EF6-F9E2-4663-AB40-9F94AEFD622C}
	EndGlobalSection
EndGlobal
